// !$*UTF8*$!
{
	archiveVersion = 1;
	classes = {
	};
	objectVersion = 50;
	objects = {

/* Begin PBXBuildFile section */
		1764085B21D0C14E00515C80 /* Localizable.strings in Resources */ = {isa = PBXBuildFile; fileRef = 1764085D21D0C14E00515C80 /* Localizable.strings */; };
		1764086021D0C64F00515C80 /* DeliveryTableViewCell.swift in Sources */ = {isa = PBXBuildFile; fileRef = 1764085F21D0C64F00515C80 /* DeliveryTableViewCell.swift */; };
		1764086321D0E09B00515C80 /* DeliveryListViewModel.swift in Sources */ = {isa = PBXBuildFile; fileRef = 1764086221D0E09B00515C80 /* DeliveryListViewModel.swift */; };
		1764086621D0E5B400515C80 /* DeliveryListRequest.swift in Sources */ = {isa = PBXBuildFile; fileRef = 1764086521D0E5B400515C80 /* DeliveryListRequest.swift */; };
		1764086821D36E2B00515C80 /* DeliveryListResponseMapper.swift in Sources */ = {isa = PBXBuildFile; fileRef = 1764086721D36E2B00515C80 /* DeliveryListResponseMapper.swift */; };
		1764086B21D36E5B00515C80 /* Delivery.swift in Sources */ = {isa = PBXBuildFile; fileRef = 1764086A21D36E5B00515C80 /* Delivery.swift */; };
		1764086D21D36EF100515C80 /* Location.swift in Sources */ = {isa = PBXBuildFile; fileRef = 1764086C21D36EF100515C80 /* Location.swift */; };
		1764087721D37E0500515C80 /* RxSwift.framework in Frameworks */ = {isa = PBXBuildFile; fileRef = 1764086F21D37E0500515C80 /* RxSwift.framework */; };
		1764087821D37E0500515C80 /* RxRealm.framework in Frameworks */ = {isa = PBXBuildFile; fileRef = 1764087021D37E0500515C80 /* RxRealm.framework */; };
		1764087921D37E0500515C80 /* RxAtomic.framework in Frameworks */ = {isa = PBXBuildFile; fileRef = 1764087121D37E0500515C80 /* RxAtomic.framework */; };
		1764087A21D37E0500515C80 /* RxCocoa.framework in Frameworks */ = {isa = PBXBuildFile; fileRef = 1764087221D37E0500515C80 /* RxCocoa.framework */; };
		1764087C21D37E0500515C80 /* RxBlocking.framework in Frameworks */ = {isa = PBXBuildFile; fileRef = 1764087421D37E0500515C80 /* RxBlocking.framework */; };
		1764087D21D37E0500515C80 /* Realm.framework in Frameworks */ = {isa = PBXBuildFile; fileRef = 1764087521D37E0500515C80 /* Realm.framework */; };
		1764087E21D37E0500515C80 /* RealmSwift.framework in Frameworks */ = {isa = PBXBuildFile; fileRef = 1764087621D37E0500515C80 /* RealmSwift.framework */; };
		176B66DD21D0A7D800081636 /* DeliveryNavigationController.swift in Sources */ = {isa = PBXBuildFile; fileRef = 176B66DC21D0A7D800081636 /* DeliveryNavigationController.swift */; };
		176B66E121D0AADE00081636 /* DeliveryListView.swift in Sources */ = {isa = PBXBuildFile; fileRef = 176B66E021D0AADE00081636 /* DeliveryListView.swift */; };
		17B44E0921D3898A0035AF78 /* DeliveryRepository.swift in Sources */ = {isa = PBXBuildFile; fileRef = 17B44E0821D3898A0035AF78 /* DeliveryRepository.swift */; };
		17B44E0D21D4DA8B0035AF78 /* Kingfisher.framework in Frameworks */ = {isa = PBXBuildFile; fileRef = 17B44E0C21D4DA8B0035AF78 /* Kingfisher.framework */; };
		17B44E0F21D506970035AF78 /* DeliveryDetailViewController.swift in Sources */ = {isa = PBXBuildFile; fileRef = 17B44E0E21D506970035AF78 /* DeliveryDetailViewController.swift */; };
		17B44E1121D506D80035AF78 /* DeliveryDetailViewModel.swift in Sources */ = {isa = PBXBuildFile; fileRef = 17B44E1021D506D80035AF78 /* DeliveryDetailViewModel.swift */; };
		17B44E1321D510070035AF78 /* DeliveryDetailView.swift in Sources */ = {isa = PBXBuildFile; fileRef = 17B44E1221D510070035AF78 /* DeliveryDetailView.swift */; };
		17CC711B21CBCAE600748540 /* AppDelegate.swift in Sources */ = {isa = PBXBuildFile; fileRef = 17CC711A21CBCAE600748540 /* AppDelegate.swift */; };
		17CC711D21CBCAE600748540 /* DeliveryListViewController.swift in Sources */ = {isa = PBXBuildFile; fileRef = 17CC711C21CBCAE600748540 /* DeliveryListViewController.swift */; };
		17CC712221CBCAE700748540 /* Assets.xcassets in Resources */ = {isa = PBXBuildFile; fileRef = 17CC712121CBCAE700748540 /* Assets.xcassets */; };
		17CC712521CBCAE700748540 /* LaunchScreen.storyboard in Resources */ = {isa = PBXBuildFile; fileRef = 17CC712321CBCAE700748540 /* LaunchScreen.storyboard */; };
		17CC713021CBCAE800748540 /* DeliveriesTests.swift in Sources */ = {isa = PBXBuildFile; fileRef = 17CC712F21CBCAE800748540 /* DeliveriesTests.swift */; };
		17CC713B21CBCAE800748540 /* DeliveriesUITests.swift in Sources */ = {isa = PBXBuildFile; fileRef = 17CC713A21CBCAE800748540 /* DeliveriesUITests.swift */; };
/* End PBXBuildFile section */

/* Begin PBXContainerItemProxy section */
		17CC712C21CBCAE800748540 /* PBXContainerItemProxy */ = {
			isa = PBXContainerItemProxy;
			containerPortal = 17CC710F21CBCAE600748540 /* Project object */;
			proxyType = 1;
			remoteGlobalIDString = 17CC711621CBCAE600748540;
			remoteInfo = deliveries;
		};
		17CC713721CBCAE800748540 /* PBXContainerItemProxy */ = {
			isa = PBXContainerItemProxy;
			containerPortal = 17CC710F21CBCAE600748540 /* Project object */;
			proxyType = 1;
			remoteGlobalIDString = 17CC711621CBCAE600748540;
			remoteInfo = deliveries;
		};
/* End PBXContainerItemProxy section */

/* Begin PBXFileReference section */
		1764085C21D0C14E00515C80 /* en */ = {isa = PBXFileReference; lastKnownFileType = text.plist.strings; name = en; path = en.lproj/Localizable.strings; sourceTree = "<group>"; };
		1764085E21D0C17500515C80 /* zh-Hant */ = {isa = PBXFileReference; lastKnownFileType = text.plist.strings; name = "zh-Hant"; path = "zh-Hant.lproj/Localizable.strings"; sourceTree = "<group>"; };
		1764085F21D0C64F00515C80 /* DeliveryTableViewCell.swift */ = {isa = PBXFileReference; lastKnownFileType = sourcecode.swift; path = DeliveryTableViewCell.swift; sourceTree = "<group>"; };
		1764086221D0E09B00515C80 /* DeliveryListViewModel.swift */ = {isa = PBXFileReference; lastKnownFileType = sourcecode.swift; path = DeliveryListViewModel.swift; sourceTree = "<group>"; };
		1764086521D0E5B400515C80 /* DeliveryListRequest.swift */ = {isa = PBXFileReference; lastKnownFileType = sourcecode.swift; path = DeliveryListRequest.swift; sourceTree = "<group>"; };
		1764086721D36E2B00515C80 /* DeliveryListResponseMapper.swift */ = {isa = PBXFileReference; lastKnownFileType = sourcecode.swift; path = DeliveryListResponseMapper.swift; sourceTree = "<group>"; };
		1764086A21D36E5B00515C80 /* Delivery.swift */ = {isa = PBXFileReference; lastKnownFileType = sourcecode.swift; path = Delivery.swift; sourceTree = "<group>"; };
		1764086C21D36EF100515C80 /* Location.swift */ = {isa = PBXFileReference; lastKnownFileType = sourcecode.swift; path = Location.swift; sourceTree = "<group>"; };
		1764086F21D37E0500515C80 /* RxSwift.framework */ = {isa = PBXFileReference; lastKnownFileType = wrapper.framework; name = RxSwift.framework; path = Carthage/Build/iOS/RxSwift.framework; sourceTree = SOURCE_ROOT; };
		1764087021D37E0500515C80 /* RxRealm.framework */ = {isa = PBXFileReference; lastKnownFileType = wrapper.framework; name = RxRealm.framework; path = Carthage/Build/iOS/RxRealm.framework; sourceTree = SOURCE_ROOT; };
		1764087121D37E0500515C80 /* RxAtomic.framework */ = {isa = PBXFileReference; lastKnownFileType = wrapper.framework; name = RxAtomic.framework; path = Carthage/Build/iOS/RxAtomic.framework; sourceTree = SOURCE_ROOT; };
		1764087221D37E0500515C80 /* RxCocoa.framework */ = {isa = PBXFileReference; lastKnownFileType = wrapper.framework; name = RxCocoa.framework; path = Carthage/Build/iOS/RxCocoa.framework; sourceTree = SOURCE_ROOT; };
		1764087421D37E0500515C80 /* RxBlocking.framework */ = {isa = PBXFileReference; lastKnownFileType = wrapper.framework; name = RxBlocking.framework; path = Carthage/Build/iOS/RxBlocking.framework; sourceTree = SOURCE_ROOT; };
		1764087521D37E0500515C80 /* Realm.framework */ = {isa = PBXFileReference; lastKnownFileType = wrapper.framework; name = Realm.framework; path = Carthage/Build/iOS/Realm.framework; sourceTree = SOURCE_ROOT; };
		1764087621D37E0500515C80 /* RealmSwift.framework */ = {isa = PBXFileReference; lastKnownFileType = wrapper.framework; name = RealmSwift.framework; path = Carthage/Build/iOS/RealmSwift.framework; sourceTree = SOURCE_ROOT; };
		176B66DC21D0A7D800081636 /* DeliveryNavigationController.swift */ = {isa = PBXFileReference; lastKnownFileType = sourcecode.swift; path = DeliveryNavigationController.swift; sourceTree = "<group>"; };
		176B66E021D0AADE00081636 /* DeliveryListView.swift */ = {isa = PBXFileReference; lastKnownFileType = sourcecode.swift; path = DeliveryListView.swift; sourceTree = "<group>"; };
		17B44E0821D3898A0035AF78 /* DeliveryRepository.swift */ = {isa = PBXFileReference; lastKnownFileType = sourcecode.swift; path = DeliveryRepository.swift; sourceTree = "<group>"; };
		17B44E0C21D4DA8B0035AF78 /* Kingfisher.framework */ = {isa = PBXFileReference; lastKnownFileType = wrapper.framework; name = Kingfisher.framework; path = Carthage/Build/iOS/Kingfisher.framework; sourceTree = SOURCE_ROOT; };
		17B44E0E21D506970035AF78 /* DeliveryDetailViewController.swift */ = {isa = PBXFileReference; lastKnownFileType = sourcecode.swift; path = DeliveryDetailViewController.swift; sourceTree = "<group>"; };
		17B44E1021D506D80035AF78 /* DeliveryDetailViewModel.swift */ = {isa = PBXFileReference; lastKnownFileType = sourcecode.swift; path = DeliveryDetailViewModel.swift; sourceTree = "<group>"; };
		17B44E1221D510070035AF78 /* DeliveryDetailView.swift */ = {isa = PBXFileReference; lastKnownFileType = sourcecode.swift; path = DeliveryDetailView.swift; sourceTree = "<group>"; };
		17CC711721CBCAE600748540 /* deliveries.app */ = {isa = PBXFileReference; explicitFileType = wrapper.application; includeInIndex = 0; path = deliveries.app; sourceTree = BUILT_PRODUCTS_DIR; };
		17CC711A21CBCAE600748540 /* AppDelegate.swift */ = {isa = PBXFileReference; lastKnownFileType = sourcecode.swift; path = AppDelegate.swift; sourceTree = "<group>"; };
		17CC711C21CBCAE600748540 /* DeliveryListViewController.swift */ = {isa = PBXFileReference; lastKnownFileType = sourcecode.swift; path = DeliveryListViewController.swift; sourceTree = "<group>"; };
		17CC712121CBCAE700748540 /* Assets.xcassets */ = {isa = PBXFileReference; lastKnownFileType = folder.assetcatalog; path = Assets.xcassets; sourceTree = "<group>"; };
		17CC712421CBCAE700748540 /* Base */ = {isa = PBXFileReference; lastKnownFileType = file.storyboard; name = Base; path = Base.lproj/LaunchScreen.storyboard; sourceTree = "<group>"; };
		17CC712621CBCAE700748540 /* Info.plist */ = {isa = PBXFileReference; lastKnownFileType = text.plist.xml; path = Info.plist; sourceTree = "<group>"; };
		17CC712B21CBCAE800748540 /* deliveriesTests.xctest */ = {isa = PBXFileReference; explicitFileType = wrapper.cfbundle; includeInIndex = 0; path = deliveriesTests.xctest; sourceTree = BUILT_PRODUCTS_DIR; };
		17CC712F21CBCAE800748540 /* DeliveriesTests.swift */ = {isa = PBXFileReference; lastKnownFileType = sourcecode.swift; path = DeliveriesTests.swift; sourceTree = "<group>"; };
		17CC713121CBCAE800748540 /* Info.plist */ = {isa = PBXFileReference; lastKnownFileType = text.plist.xml; path = Info.plist; sourceTree = "<group>"; };
		17CC713621CBCAE800748540 /* deliveriesUITests.xctest */ = {isa = PBXFileReference; explicitFileType = wrapper.cfbundle; includeInIndex = 0; path = deliveriesUITests.xctest; sourceTree = BUILT_PRODUCTS_DIR; };
		17CC713A21CBCAE800748540 /* DeliveriesUITests.swift */ = {isa = PBXFileReference; lastKnownFileType = sourcecode.swift; path = DeliveriesUITests.swift; sourceTree = "<group>"; };
		17CC713C21CBCAE800748540 /* Info.plist */ = {isa = PBXFileReference; lastKnownFileType = text.plist.xml; path = Info.plist; sourceTree = "<group>"; };
/* End PBXFileReference section */

/* Begin PBXFrameworksBuildPhase section */
		17CC711421CBCAE600748540 /* Frameworks */ = {
			isa = PBXFrameworksBuildPhase;
			buildActionMask = 2147483647;
			files = (
				1764087A21D37E0500515C80 /* RxCocoa.framework in Frameworks */,
				1764087821D37E0500515C80 /* RxRealm.framework in Frameworks */,
				1764087721D37E0500515C80 /* RxSwift.framework in Frameworks */,
				17B44E0D21D4DA8B0035AF78 /* Kingfisher.framework in Frameworks */,
				1764087D21D37E0500515C80 /* Realm.framework in Frameworks */,
				1764087921D37E0500515C80 /* RxAtomic.framework in Frameworks */,
				1764087E21D37E0500515C80 /* RealmSwift.framework in Frameworks */,
				1764087C21D37E0500515C80 /* RxBlocking.framework in Frameworks */,
			);
			runOnlyForDeploymentPostprocessing = 0;
		};
		17CC712821CBCAE800748540 /* Frameworks */ = {
			isa = PBXFrameworksBuildPhase;
			buildActionMask = 2147483647;
			files = (
			);
			runOnlyForDeploymentPostprocessing = 0;
		};
		17CC713321CBCAE800748540 /* Frameworks */ = {
			isa = PBXFrameworksBuildPhase;
			buildActionMask = 2147483647;
			files = (
			);
			runOnlyForDeploymentPostprocessing = 0;
		};
/* End PBXFrameworksBuildPhase section */

/* Begin PBXGroup section */
		1764086121D0E08800515C80 /* ViewModel */ = {
			isa = PBXGroup;
			children = (
				1764086221D0E09B00515C80 /* DeliveryListViewModel.swift */,
				17B44E1021D506D80035AF78 /* DeliveryDetailViewModel.swift */,
			);
			path = ViewModel;
			sourceTree = "<group>";
		};
		1764086421D0E59D00515C80 /* Network */ = {
			isa = PBXGroup;
			children = (
				1764086521D0E5B400515C80 /* DeliveryListRequest.swift */,
				1764086721D36E2B00515C80 /* DeliveryListResponseMapper.swift */,
			);
			path = Network;
			sourceTree = "<group>";
		};
		1764086921D36E5100515C80 /* Model */ = {
			isa = PBXGroup;
			children = (
				1764086A21D36E5B00515C80 /* Delivery.swift */,
				1764086C21D36EF100515C80 /* Location.swift */,
			);
			path = Model;
			sourceTree = "<group>";
		};
		1764086E21D37DEE00515C80 /* Carthage Framework */ = {
			isa = PBXGroup;
			children = (
				1764087521D37E0500515C80 /* Realm.framework */,
				1764087621D37E0500515C80 /* RealmSwift.framework */,
				1764087121D37E0500515C80 /* RxAtomic.framework */,
				1764087421D37E0500515C80 /* RxBlocking.framework */,
				1764087221D37E0500515C80 /* RxCocoa.framework */,
				1764087021D37E0500515C80 /* RxRealm.framework */,
				1764086F21D37E0500515C80 /* RxSwift.framework */,
				17B44E0C21D4DA8B0035AF78 /* Kingfisher.framework */,
			);
			name = "Carthage Framework";
			sourceTree = "<group>";
		};
		176B66DB21D0A39900081636 /* Controller */ = {
			isa = PBXGroup;
			children = (
				176B66DC21D0A7D800081636 /* DeliveryNavigationController.swift */,
				17CC711C21CBCAE600748540 /* DeliveryListViewController.swift */,
				17B44E0E21D506970035AF78 /* DeliveryDetailViewController.swift */,
			);
			path = Controller;
			sourceTree = "<group>";
		};
		176B66DF21D0AACC00081636 /* View */ = {
			isa = PBXGroup;
			children = (
				176B66E021D0AADE00081636 /* DeliveryListView.swift */,
				1764085F21D0C64F00515C80 /* DeliveryTableViewCell.swift */,
				17B44E1221D510070035AF78 /* DeliveryDetailView.swift */,
			);
			path = View;
			sourceTree = "<group>";
		};
		17B44E0721D3895E0035AF78 /* Repository */ = {
			isa = PBXGroup;
			children = (
				17B44E0821D3898A0035AF78 /* DeliveryRepository.swift */,
			);
			path = Repository;
			sourceTree = "<group>";
		};
		17CC710E21CBCAE600748540 = {
			isa = PBXGroup;
			children = (
				17CC711921CBCAE600748540 /* deliveries */,
				17CC712E21CBCAE800748540 /* deliveriesTests */,
				17CC713921CBCAE800748540 /* deliveriesUITests */,
				17CC711821CBCAE600748540 /* Products */,
			);
			sourceTree = "<group>";
		};
		17CC711821CBCAE600748540 /* Products */ = {
			isa = PBXGroup;
			children = (
				17CC711721CBCAE600748540 /* deliveries.app */,
				17CC712B21CBCAE800748540 /* deliveriesTests.xctest */,
				17CC713621CBCAE800748540 /* deliveriesUITests.xctest */,
			);
			name = Products;
			sourceTree = "<group>";
		};
		17CC711921CBCAE600748540 /* deliveries */ = {
			isa = PBXGroup;
			children = (
				17CC711A21CBCAE600748540 /* AppDelegate.swift */,
				1764086921D36E5100515C80 /* Model */,
				176B66DF21D0AACC00081636 /* View */,
				176B66DB21D0A39900081636 /* Controller */,
				1764086121D0E08800515C80 /* ViewModel */,
				1764086421D0E59D00515C80 /* Network */,
				17B44E0721D3895E0035AF78 /* Repository */,
				17CC712121CBCAE700748540 /* Assets.xcassets */,
				1764085D21D0C14E00515C80 /* Localizable.strings */,
				17CC712321CBCAE700748540 /* LaunchScreen.storyboard */,
				17CC712621CBCAE700748540 /* Info.plist */,
				1764086E21D37DEE00515C80 /* Carthage Framework */,
			);
			path = deliveries;
			sourceTree = "<group>";
		};
		17CC712E21CBCAE800748540 /* deliveriesTests */ = {
			isa = PBXGroup;
			children = (
				17CC712F21CBCAE800748540 /* DeliveriesTests.swift */,
				17CC713121CBCAE800748540 /* Info.plist */,
			);
			path = deliveriesTests;
			sourceTree = "<group>";
		};
		17CC713921CBCAE800748540 /* deliveriesUITests */ = {
			isa = PBXGroup;
			children = (
				17CC713A21CBCAE800748540 /* DeliveriesUITests.swift */,
				17CC713C21CBCAE800748540 /* Info.plist */,
			);
			path = deliveriesUITests;
			sourceTree = "<group>";
		};
/* End PBXGroup section */

/* Begin PBXNativeTarget section */
		17CC711621CBCAE600748540 /* deliveries */ = {
			isa = PBXNativeTarget;
			buildConfigurationList = 17CC713F21CBCAE800748540 /* Build configuration list for PBXNativeTarget "deliveries" */;
			buildPhases = (
				17CC711321CBCAE600748540 /* Sources */,
				17CC711421CBCAE600748540 /* Frameworks */,
				17CC711521CBCAE600748540 /* Resources */,
				176B66DA21D0913100081636 /* ShellScript */,
				1764087F21D37E2100515C80 /* ShellScript */,
			);
			buildRules = (
			);
			dependencies = (
			);
			name = deliveries;
			productName = deliveries;
			productReference = 17CC711721CBCAE600748540 /* deliveries.app */;
			productType = "com.apple.product-type.application";
		};
		17CC712A21CBCAE800748540 /* deliveriesTests */ = {
			isa = PBXNativeTarget;
			buildConfigurationList = 17CC714221CBCAE800748540 /* Build configuration list for PBXNativeTarget "deliveriesTests" */;
			buildPhases = (
				17CC712721CBCAE800748540 /* Sources */,
				17CC712821CBCAE800748540 /* Frameworks */,
				17CC712921CBCAE800748540 /* Resources */,
			);
			buildRules = (
			);
			dependencies = (
				17CC712D21CBCAE800748540 /* PBXTargetDependency */,
			);
			name = deliveriesTests;
			productName = deliveriesTests;
			productReference = 17CC712B21CBCAE800748540 /* deliveriesTests.xctest */;
			productType = "com.apple.product-type.bundle.unit-test";
		};
		17CC713521CBCAE800748540 /* deliveriesUITests */ = {
			isa = PBXNativeTarget;
			buildConfigurationList = 17CC714521CBCAE800748540 /* Build configuration list for PBXNativeTarget "deliveriesUITests" */;
			buildPhases = (
				17CC713221CBCAE800748540 /* Sources */,
				17CC713321CBCAE800748540 /* Frameworks */,
				17CC713421CBCAE800748540 /* Resources */,
			);
			buildRules = (
			);
			dependencies = (
				17CC713821CBCAE800748540 /* PBXTargetDependency */,
			);
			name = deliveriesUITests;
			productName = deliveriesUITests;
			productReference = 17CC713621CBCAE800748540 /* deliveriesUITests.xctest */;
			productType = "com.apple.product-type.bundle.ui-testing";
		};
/* End PBXNativeTarget section */

/* Begin PBXProject section */
		17CC710F21CBCAE600748540 /* Project object */ = {
			isa = PBXProject;
			attributes = {
				LastSwiftUpdateCheck = 1010;
				LastUpgradeCheck = 1010;
				ORGANIZATIONNAME = "Dennis Li";
				TargetAttributes = {
					17CC711621CBCAE600748540 = {
						CreatedOnToolsVersion = 10.1;
					};
					17CC712A21CBCAE800748540 = {
						CreatedOnToolsVersion = 10.1;
						TestTargetID = 17CC711621CBCAE600748540;
					};
					17CC713521CBCAE800748540 = {
						CreatedOnToolsVersion = 10.1;
						TestTargetID = 17CC711621CBCAE600748540;
					};
				};
			};
			buildConfigurationList = 17CC711221CBCAE600748540 /* Build configuration list for PBXProject "deliveries" */;
			compatibilityVersion = "Xcode 9.3";
			developmentRegion = en;
			hasScannedForEncodings = 0;
			knownRegions = (
				en,
				Base,
				"zh-Hant",
			);
			mainGroup = 17CC710E21CBCAE600748540;
			productRefGroup = 17CC711821CBCAE600748540 /* Products */;
			projectDirPath = "";
			projectRoot = "";
			targets = (
				17CC711621CBCAE600748540 /* deliveries */,
				17CC712A21CBCAE800748540 /* deliveriesTests */,
				17CC713521CBCAE800748540 /* deliveriesUITests */,
			);
		};
/* End PBXProject section */

/* Begin PBXResourcesBuildPhase section */
		17CC711521CBCAE600748540 /* Resources */ = {
			isa = PBXResourcesBuildPhase;
			buildActionMask = 2147483647;
			files = (
				17CC712521CBCAE700748540 /* LaunchScreen.storyboard in Resources */,
				1764085B21D0C14E00515C80 /* Localizable.strings in Resources */,
				17CC712221CBCAE700748540 /* Assets.xcassets in Resources */,
			);
			runOnlyForDeploymentPostprocessing = 0;
		};
		17CC712921CBCAE800748540 /* Resources */ = {
			isa = PBXResourcesBuildPhase;
			buildActionMask = 2147483647;
			files = (
			);
			runOnlyForDeploymentPostprocessing = 0;
		};
		17CC713421CBCAE800748540 /* Resources */ = {
			isa = PBXResourcesBuildPhase;
			buildActionMask = 2147483647;
			files = (
			);
			runOnlyForDeploymentPostprocessing = 0;
		};
/* End PBXResourcesBuildPhase section */

/* Begin PBXShellScriptBuildPhase section */
		1764087F21D37E2100515C80 /* ShellScript */ = {
			isa = PBXShellScriptBuildPhase;
			buildActionMask = 2147483647;
			files = (
			);
			inputFileListPaths = (
			);
			inputPaths = (
				"$(SRCROOT)/Carthage/Build/iOS/Realm.framework",
				"$(SRCROOT)/Carthage/Build/iOS/RealmSwift.framework",
				"$(SRCROOT)/Carthage/Build/iOS/RxAtomic.framework",
				"$(SRCROOT)/Carthage/Build/iOS/RxBlocking.framework",
				"$(SRCROOT)/Carthage/Build/iOS/RxCocoa.framework",
				"$(SRCROOT)/Carthage/Build/iOS/RxRealm.framework",
				"$(SRCROOT)/Carthage/Build/iOS/RxSwift.framework",
				"$(SRCROOT)/Carthage/Build/iOS/Kingfisher.framework",
			);
			outputFileListPaths = (
			);
			outputPaths = (
				"$(BUILT_PRODUCTS_DIR)/$(FRAMEWORKS_FOLDER_PATH)/Realm.framework",
				"$(BUILT_PRODUCTS_DIR)/$(FRAMEWORKS_FOLDER_PATH)/RealmSwift.framework",
				"$(BUILT_PRODUCTS_DIR)/$(FRAMEWORKS_FOLDER_PATH)/RxAtomic.framework",
				"$(BUILT_PRODUCTS_DIR)/$(FRAMEWORKS_FOLDER_PATH)/RxBlocking.framework",
				"$(BUILT_PRODUCTS_DIR)/$(FRAMEWORKS_FOLDER_PATH)/RxCocoa.framework",
				"$(BUILT_PRODUCTS_DIR)/$(FRAMEWORKS_FOLDER_PATH)/RxRealm.framework",
				"$(BUILT_PRODUCTS_DIR)/$(FRAMEWORKS_FOLDER_PATH)/RxSwift.framework",
				"$(BUILT_PRODUCTS_DIR)/$(FRAMEWORKS_FOLDER_PATH)/Kingfisher.framework",
			);
			runOnlyForDeploymentPostprocessing = 0;
			shellPath = /bin/sh;
			shellScript = "/usr/local/bin/carthage copy-frameworks\n";
		};
		176B66DA21D0913100081636 /* ShellScript */ = {
			isa = PBXShellScriptBuildPhase;
			buildActionMask = 2147483647;
			files = (
			);
			inputFileListPaths = (
			);
			inputPaths = (
			);
			outputFileListPaths = (
			);
			outputPaths = (
			);
			runOnlyForDeploymentPostprocessing = 0;
			shellPath = /bin/sh;
			shellScript = "if which swiftlint >/dev/null; then\nswiftlint\nelse\necho \"warning: SwiftLint not installed, download from https://github.com/realm/SwiftLint\"\nfi\n";
		};
/* End PBXShellScriptBuildPhase section */

/* Begin PBXSourcesBuildPhase section */
		17CC711321CBCAE600748540 /* Sources */ = {
			isa = PBXSourcesBuildPhase;
			buildActionMask = 2147483647;
			files = (
				1764086021D0C64F00515C80 /* DeliveryTableViewCell.swift in Sources */,
				176B66E121D0AADE00081636 /* DeliveryListView.swift in Sources */,
				17B44E0921D3898A0035AF78 /* DeliveryRepository.swift in Sources */,
				1764086D21D36EF100515C80 /* Location.swift in Sources */,
				1764086321D0E09B00515C80 /* DeliveryListViewModel.swift in Sources */,
				17B44E1321D510070035AF78 /* DeliveryDetailView.swift in Sources */,
				1764086621D0E5B400515C80 /* DeliveryListRequest.swift in Sources */,
				17CC711D21CBCAE600748540 /* DeliveryListViewController.swift in Sources */,
				17B44E0F21D506970035AF78 /* DeliveryDetailViewController.swift in Sources */,
				176B66DD21D0A7D800081636 /* DeliveryNavigationController.swift in Sources */,
				1764086821D36E2B00515C80 /* DeliveryListResponseMapper.swift in Sources */,
				1764086B21D36E5B00515C80 /* Delivery.swift in Sources */,
				17B44E1121D506D80035AF78 /* DeliveryDetailViewModel.swift in Sources */,
				17CC711B21CBCAE600748540 /* AppDelegate.swift in Sources */,
			);
			runOnlyForDeploymentPostprocessing = 0;
		};
		17CC712721CBCAE800748540 /* Sources */ = {
			isa = PBXSourcesBuildPhase;
			buildActionMask = 2147483647;
			files = (
				17CC713021CBCAE800748540 /* DeliveriesTests.swift in Sources */,
			);
			runOnlyForDeploymentPostprocessing = 0;
		};
		17CC713221CBCAE800748540 /* Sources */ = {
			isa = PBXSourcesBuildPhase;
			buildActionMask = 2147483647;
			files = (
				17CC713B21CBCAE800748540 /* DeliveriesUITests.swift in Sources */,
			);
			runOnlyForDeploymentPostprocessing = 0;
		};
/* End PBXSourcesBuildPhase section */

/* Begin PBXTargetDependency section */
		17CC712D21CBCAE800748540 /* PBXTargetDependency */ = {
			isa = PBXTargetDependency;
			target = 17CC711621CBCAE600748540 /* deliveries */;
			targetProxy = 17CC712C21CBCAE800748540 /* PBXContainerItemProxy */;
		};
		17CC713821CBCAE800748540 /* PBXTargetDependency */ = {
			isa = PBXTargetDependency;
			target = 17CC711621CBCAE600748540 /* deliveries */;
			targetProxy = 17CC713721CBCAE800748540 /* PBXContainerItemProxy */;
		};
/* End PBXTargetDependency section */

/* Begin PBXVariantGroup section */
		1764085D21D0C14E00515C80 /* Localizable.strings */ = {
			isa = PBXVariantGroup;
			children = (
				1764085C21D0C14E00515C80 /* en */,
				1764085E21D0C17500515C80 /* zh-Hant */,
			);
			name = Localizable.strings;
			sourceTree = "<group>";
		};
		17CC712321CBCAE700748540 /* LaunchScreen.storyboard */ = {
			isa = PBXVariantGroup;
			children = (
				17CC712421CBCAE700748540 /* Base */,
			);
			name = LaunchScreen.storyboard;
			sourceTree = "<group>";
		};
/* End PBXVariantGroup section */

/* Begin XCBuildConfiguration section */
		17CC713D21CBCAE800748540 /* Debug */ = {
			isa = XCBuildConfiguration;
			buildSettings = {
				ALWAYS_SEARCH_USER_PATHS = NO;
				CLANG_ANALYZER_LOCALIZABILITY_NONLOCALIZED = YES;
				CLANG_ANALYZER_NONNULL = YES;
				CLANG_ANALYZER_NUMBER_OBJECT_CONVERSION = YES_AGGRESSIVE;
				CLANG_CXX_LANGUAGE_STANDARD = "gnu++14";
				CLANG_CXX_LIBRARY = "libc++";
				CLANG_ENABLE_MODULES = YES;
				CLANG_ENABLE_OBJC_ARC = YES;
				CLANG_ENABLE_OBJC_WEAK = YES;
				CLANG_WARN_BLOCK_CAPTURE_AUTORELEASING = YES;
				CLANG_WARN_BOOL_CONVERSION = YES;
				CLANG_WARN_COMMA = YES;
				CLANG_WARN_CONSTANT_CONVERSION = YES;
				CLANG_WARN_DEPRECATED_OBJC_IMPLEMENTATIONS = YES;
				CLANG_WARN_DIRECT_OBJC_ISA_USAGE = YES_ERROR;
				CLANG_WARN_DOCUMENTATION_COMMENTS = YES;
				CLANG_WARN_EMPTY_BODY = YES;
				CLANG_WARN_ENUM_CONVERSION = YES;
				CLANG_WARN_INFINITE_RECURSION = YES;
				CLANG_WARN_INT_CONVERSION = YES;
				CLANG_WARN_NON_LITERAL_NULL_CONVERSION = YES;
				CLANG_WARN_OBJC_IMPLICIT_RETAIN_SELF = YES;
				CLANG_WARN_OBJC_LITERAL_CONVERSION = YES;
				CLANG_WARN_OBJC_ROOT_CLASS = YES_ERROR;
				CLANG_WARN_RANGE_LOOP_ANALYSIS = YES;
				CLANG_WARN_STRICT_PROTOTYPES = YES;
				CLANG_WARN_SUSPICIOUS_MOVE = YES;
				CLANG_WARN_UNGUARDED_AVAILABILITY = YES_AGGRESSIVE;
				CLANG_WARN_UNREACHABLE_CODE = YES;
				CLANG_WARN__DUPLICATE_METHOD_MATCH = YES;
				CODE_SIGN_IDENTITY = "iPhone Developer";
				COPY_PHASE_STRIP = NO;
				DEBUG_INFORMATION_FORMAT = dwarf;
				ENABLE_STRICT_OBJC_MSGSEND = YES;
				ENABLE_TESTABILITY = YES;
				GCC_C_LANGUAGE_STANDARD = gnu11;
				GCC_DYNAMIC_NO_PIC = NO;
				GCC_NO_COMMON_BLOCKS = YES;
				GCC_OPTIMIZATION_LEVEL = 0;
				GCC_PREPROCESSOR_DEFINITIONS = (
					"DEBUG=1",
					"$(inherited)",
				);
				GCC_WARN_64_TO_32_BIT_CONVERSION = YES;
				GCC_WARN_ABOUT_RETURN_TYPE = YES_ERROR;
				GCC_WARN_UNDECLARED_SELECTOR = YES;
				GCC_WARN_UNINITIALIZED_AUTOS = YES_AGGRESSIVE;
				GCC_WARN_UNUSED_FUNCTION = YES;
				GCC_WARN_UNUSED_VARIABLE = YES;
				IPHONEOS_DEPLOYMENT_TARGET = 12.1;
				MTL_ENABLE_DEBUG_INFO = INCLUDE_SOURCE;
				MTL_FAST_MATH = YES;
				ONLY_ACTIVE_ARCH = YES;
				SDKROOT = iphoneos;
				SWIFT_ACTIVE_COMPILATION_CONDITIONS = DEBUG;
				SWIFT_OPTIMIZATION_LEVEL = "-Onone";
			};
			name = Debug;
		};
		17CC713E21CBCAE800748540 /* Release */ = {
			isa = XCBuildConfiguration;
			buildSettings = {
				ALWAYS_SEARCH_USER_PATHS = NO;
				CLANG_ANALYZER_LOCALIZABILITY_NONLOCALIZED = YES;
				CLANG_ANALYZER_NONNULL = YES;
				CLANG_ANALYZER_NUMBER_OBJECT_CONVERSION = YES_AGGRESSIVE;
				CLANG_CXX_LANGUAGE_STANDARD = "gnu++14";
				CLANG_CXX_LIBRARY = "libc++";
				CLANG_ENABLE_MODULES = YES;
				CLANG_ENABLE_OBJC_ARC = YES;
				CLANG_ENABLE_OBJC_WEAK = YES;
				CLANG_WARN_BLOCK_CAPTURE_AUTORELEASING = YES;
				CLANG_WARN_BOOL_CONVERSION = YES;
				CLANG_WARN_COMMA = YES;
				CLANG_WARN_CONSTANT_CONVERSION = YES;
				CLANG_WARN_DEPRECATED_OBJC_IMPLEMENTATIONS = YES;
				CLANG_WARN_DIRECT_OBJC_ISA_USAGE = YES_ERROR;
				CLANG_WARN_DOCUMENTATION_COMMENTS = YES;
				CLANG_WARN_EMPTY_BODY = YES;
				CLANG_WARN_ENUM_CONVERSION = YES;
				CLANG_WARN_INFINITE_RECURSION = YES;
				CLANG_WARN_INT_CONVERSION = YES;
				CLANG_WARN_NON_LITERAL_NULL_CONVERSION = YES;
				CLANG_WARN_OBJC_IMPLICIT_RETAIN_SELF = YES;
				CLANG_WARN_OBJC_LITERAL_CONVERSION = YES;
				CLANG_WARN_OBJC_ROOT_CLASS = YES_ERROR;
				CLANG_WARN_RANGE_LOOP_ANALYSIS = YES;
				CLANG_WARN_STRICT_PROTOTYPES = YES;
				CLANG_WARN_SUSPICIOUS_MOVE = YES;
				CLANG_WARN_UNGUARDED_AVAILABILITY = YES_AGGRESSIVE;
				CLANG_WARN_UNREACHABLE_CODE = YES;
				CLANG_WARN__DUPLICATE_METHOD_MATCH = YES;
				CODE_SIGN_IDENTITY = "iPhone Developer";
				COPY_PHASE_STRIP = NO;
				DEBUG_INFORMATION_FORMAT = "dwarf-with-dsym";
				ENABLE_NS_ASSERTIONS = NO;
				ENABLE_STRICT_OBJC_MSGSEND = YES;
				GCC_C_LANGUAGE_STANDARD = gnu11;
				GCC_NO_COMMON_BLOCKS = YES;
				GCC_WARN_64_TO_32_BIT_CONVERSION = YES;
				GCC_WARN_ABOUT_RETURN_TYPE = YES_ERROR;
				GCC_WARN_UNDECLARED_SELECTOR = YES;
				GCC_WARN_UNINITIALIZED_AUTOS = YES_AGGRESSIVE;
				GCC_WARN_UNUSED_FUNCTION = YES;
				GCC_WARN_UNUSED_VARIABLE = YES;
				IPHONEOS_DEPLOYMENT_TARGET = 12.1;
				MTL_ENABLE_DEBUG_INFO = NO;
				MTL_FAST_MATH = YES;
				SDKROOT = iphoneos;
				SWIFT_COMPILATION_MODE = wholemodule;
				SWIFT_OPTIMIZATION_LEVEL = "-O";
				VALIDATE_PRODUCT = YES;
			};
			name = Release;
		};
		17CC714021CBCAE800748540 /* Debug */ = {
			isa = XCBuildConfiguration;
			buildSettings = {
				ASSETCATALOG_COMPILER_APPICON_NAME = AppIcon;
				CODE_SIGN_STYLE = Automatic;
				DEVELOPMENT_TEAM = 43WSMCR35P;
				FRAMEWORK_SEARCH_PATHS = (
					"$(inherited)",
					"$(PROJECT_DIR)/Carthage/Build/iOS",
				);
				INFOPLIST_FILE = deliveries/Info.plist;
				IPHONEOS_DEPLOYMENT_TARGET = 11.0;
				LD_RUNPATH_SEARCH_PATHS = (
					"$(inherited)",
					"@executable_path/Frameworks",
				);
				PRODUCT_BUNDLE_IDENTIFIER = hk.dennlis.li.deliveries;
				PRODUCT_NAME = "$(TARGET_NAME)";
				SWIFT_VERSION = 4.2;
				TARGETED_DEVICE_FAMILY = 1;
			};
			name = Debug;
		};
		17CC714121CBCAE800748540 /* Release */ = {
			isa = XCBuildConfiguration;
			buildSettings = {
				ASSETCATALOG_COMPILER_APPICON_NAME = AppIcon;
				CODE_SIGN_STYLE = Automatic;
				DEVELOPMENT_TEAM = 43WSMCR35P;
				FRAMEWORK_SEARCH_PATHS = (
					"$(inherited)",
					"$(PROJECT_DIR)/Carthage/Build/iOS",
				);
				INFOPLIST_FILE = deliveries/Info.plist;
				IPHONEOS_DEPLOYMENT_TARGET = 11.0;
				LD_RUNPATH_SEARCH_PATHS = (
					"$(inherited)",
					"@executable_path/Frameworks",
				);
				PRODUCT_BUNDLE_IDENTIFIER = hk.dennlis.li.deliveries;
				PRODUCT_NAME = "$(TARGET_NAME)";
				SWIFT_VERSION = 4.2;
				TARGETED_DEVICE_FAMILY = 1;
			};
			name = Release;
		};
		17CC714321CBCAE800748540 /* Debug */ = {
			isa = XCBuildConfiguration;
			buildSettings = {
				ALWAYS_EMBED_SWIFT_STANDARD_LIBRARIES = YES;
				BUNDLE_LOADER = "$(TEST_HOST)";
				CODE_SIGN_STYLE = Automatic;
				INFOPLIST_FILE = deliveriesTests/Info.plist;
				LD_RUNPATH_SEARCH_PATHS = (
					"$(inherited)",
					"@executable_path/Frameworks",
					"@loader_path/Frameworks",
				);
				PRODUCT_BUNDLE_IDENTIFIER = dennlis.li.deliveriesTests;
				PRODUCT_NAME = "$(TARGET_NAME)";
				SWIFT_VERSION = 4.2;
				TARGETED_DEVICE_FAMILY = "1,2";
				TEST_HOST = "$(BUILT_PRODUCTS_DIR)/deliveries.app/deliveries";
			};
			name = Debug;
		};
		17CC714421CBCAE800748540 /* Release */ = {
			isa = XCBuildConfiguration;
			buildSettings = {
				ALWAYS_EMBED_SWIFT_STANDARD_LIBRARIES = YES;
				BUNDLE_LOADER = "$(TEST_HOST)";
				CODE_SIGN_STYLE = Automatic;
				INFOPLIST_FILE = deliveriesTests/Info.plist;
				LD_RUNPATH_SEARCH_PATHS = (
					"$(inherited)",
					"@executable_path/Frameworks",
					"@loader_path/Frameworks",
				);
				PRODUCT_BUNDLE_IDENTIFIER = dennlis.li.deliveriesTests;
				PRODUCT_NAME = "$(TARGET_NAME)";
				SWIFT_VERSION = 4.2;
				TARGETED_DEVICE_FAMILY = "1,2";
				TEST_HOST = "$(BUILT_PRODUCTS_DIR)/deliveries.app/deliveries";
			};
			name = Release;
		};
		17CC714621CBCAE800748540 /* Debug */ = {
			isa = XCBuildConfiguration;
			buildSettings = {
				ALWAYS_EMBED_SWIFT_STANDARD_LIBRARIES = YES;
				CODE_SIGN_STYLE = Automatic;
				INFOPLIST_FILE = deliveriesUITests/Info.plist;
				LD_RUNPATH_SEARCH_PATHS = (
					"$(inherited)",
					"@executable_path/Frameworks",
					"@loader_path/Frameworks",
				);
				PRODUCT_BUNDLE_IDENTIFIER = dennlis.li.deliveriesUITests;
				PRODUCT_NAME = "$(TARGET_NAME)";
				SWIFT_VERSION = 4.2;
				TARGETED_DEVICE_FAMILY = "1,2";
				TEST_TARGET_NAME = deliveries;
			};
			name = Debug;
		};
		17CC714721CBCAE800748540 /* Release */ = {
			isa = XCBuildConfiguration;
			buildSettings = {
				ALWAYS_EMBED_SWIFT_STANDARD_LIBRARIES = YES;
				CODE_SIGN_STYLE = Automatic;
				INFOPLIST_FILE = deliveriesUITests/Info.plist;
				LD_RUNPATH_SEARCH_PATHS = (
					"$(inherited)",
					"@executable_path/Frameworks",
					"@loader_path/Frameworks",
				);
				PRODUCT_BUNDLE_IDENTIFIER = dennlis.li.deliveriesUITests;
				PRODUCT_NAME = "$(TARGET_NAME)";
				SWIFT_VERSION = 4.2;
				TARGETED_DEVICE_FAMILY = "1,2";
				TEST_TARGET_NAME = deliveries;
			};
			name = Release;
		};
/* End XCBuildConfiguration section */

/* Begin XCConfigurationList section */
		17CC711221CBCAE600748540 /* Build configuration list for PBXProject "deliveries" */ = {
			isa = XCConfigurationList;
			buildConfigurations = (
				17CC713D21CBCAE800748540 /* Debug */,
				17CC713E21CBCAE800748540 /* Release */,
			);
			defaultConfigurationIsVisible = 0;
			defaultConfigurationName = Release;
		};
		17CC713F21CBCAE800748540 /* Build configuration list for PBXNativeTarget "deliveries" */ = {
			isa = XCConfigurationList;
			buildConfigurations = (
				17CC714021CBCAE800748540 /* Debug */,
				17CC714121CBCAE800748540 /* Release */,
			);
			defaultConfigurationIsVisible = 0;
			defaultConfigurationName = Release;
		};
		17CC714221CBCAE800748540 /* Build configuration list for PBXNativeTarget "deliveriesTests" */ = {
			isa = XCConfigurationList;
			buildConfigurations = (
				17CC714321CBCAE800748540 /* Debug */,
				17CC714421CBCAE800748540 /* Release */,
			);
			defaultConfigurationIsVisible = 0;
			defaultConfigurationName = Release;
		};
		17CC714521CBCAE800748540 /* Build configuration list for PBXNativeTarget "deliveriesUITests" */ = {
			isa = XCConfigurationList;
			buildConfigurations = (
				17CC714621CBCAE800748540 /* Debug */,
				17CC714721CBCAE800748540 /* Release */,
			);
			defaultConfigurationIsVisible = 0;
			defaultConfigurationName = Release;
		};
/* End XCConfigurationList section */
	};
	rootObject = 17CC710F21CBCAE600748540 /* Project object */;
}
